
Microsoft Visual Studio Solution File, Format Version 12.00
# Visual Studio 15
VisualStudioVersion = 15.0.28307.1231
MinimumVisualStudioVersion = 10.0.40219.1
Project("{FAE04EC0-301F-11D3-BF4B-00C04F79EFBC}") = "Sender", "Sender\Sender.csproj", "{8A6E1DC7-C82D-4265-80CE-4DDFBB821F75}"
EndProject
Project("{FAE04EC0-301F-11D3-BF4B-00C04F79EFBC}") = "Receiver", "Receiver\Receiver.csproj", "{91CFF168-2D47-420F-8CC5-1A1E1CF80F61}"
EndProject
Project("{FAE04EC0-301F-11D3-BF4B-00C04F79EFBC}") = "SenderExtendedFunc", "SenderExtendedFunc\SenderExtendedFunc.csproj", "{8DE82EE8-5C93-45EC-8D4E-5B656050A76B}"
EndProject
Project("{9A19103F-16F7-4668-BE54-9A1E7A4F7556}") = "SenderTestFunc", "SenderTestFunc\SenderTestFunc.csproj", "{76EC6B0B-5070-47FC-AAAD-FFE066233502}"
EndProject
Global
	GlobalSection(SolutionConfigurationPlatforms) = preSolution
		Debug|Any CPU = Debug|Any CPU
		Debug|x86 = Debug|x86
		Release|Any CPU = Release|Any CPU
		Release|x86 = Release|x86
	EndGlobalSection
	GlobalSection(ProjectConfigurationPlatforms) = postSolution
		{8A6E1DC7-C82D-4265-80CE-4DDFBB821F75}.Debug|Any CPU.ActiveCfg = Debug|Any CPU
		{8A6E1DC7-C82D-4265-80CE-4DDFBB821F75}.Debug|Any CPU.Build.0 = Debug|Any CPU
		{8A6E1DC7-C82D-4265-80CE-4DDFBB821F75}.Debug|x86.ActiveCfg = Debug|Any CPU
		{8A6E1DC7-C82D-4265-80CE-4DDFBB821F75}.Debug|x86.Build.0 = Debug|Any CPU
		{8A6E1DC7-C82D-4265-80CE-4DDFBB821F75}.Release|Any CPU.ActiveCfg = Release|Any CPU
		{8A6E1DC7-C82D-4265-80CE-4DDFBB821F75}.Release|Any CPU.Build.0 = Release|Any CPU
		{8A6E1DC7-C82D-4265-80CE-4DDFBB821F75}.Release|x86.ActiveCfg = Release|Any CPU
		{8A6E1DC7-C82D-4265-80CE-4DDFBB821F75}.Release|x86.Build.0 = Release|Any CPU
		{91CFF168-2D47-420F-8CC5-1A1E1CF80F61}.Debug|Any CPU.ActiveCfg = Debug|Any CPU
		{91CFF168-2D47-420F-8CC5-1A1E1CF80F61}.Debug|Any CPU.Build.0 = Debug|Any CPU
		{91CFF168-2D47-420F-8CC5-1A1E1CF80F61}.Debug|x86.ActiveCfg = Debug|Any CPU
		{91CFF168-2D47-420F-8CC5-1A1E1CF80F61}.Debug|x86.Build.0 = Debug|Any CPU
		{91CFF168-2D47-420F-8CC5-1A1E1CF80F61}.Release|Any CPU.ActiveCfg = Release|Any CPU
		{91CFF168-2D47-420F-8CC5-1A1E1CF80F61}.Release|Any CPU.Build.0 = Release|Any CPU
		{91CFF168-2D47-420F-8CC5-1A1E1CF80F61}.Release|x86.ActiveCfg = Release|Any CPU
		{91CFF168-2D47-420F-8CC5-1A1E1CF80F61}.Release|x86.Build.0 = Release|Any CPU
		{8DE82EE8-5C93-45EC-8D4E-5B656050A76B}.Debug|Any CPU.ActiveCfg = Debug|Any CPU
		{8DE82EE8-5C93-45EC-8D4E-5B656050A76B}.Debug|Any CPU.Build.0 = Debug|Any CPU
		{8DE82EE8-5C93-45EC-8D4E-5B656050A76B}.Debug|x86.ActiveCfg = Debug|Any CPU
		{8DE82EE8-5C93-45EC-8D4E-5B656050A76B}.Debug|x86.Build.0 = Debug|Any CPU
		{8DE82EE8-5C93-45EC-8D4E-5B656050A76B}.Release|Any CPU.ActiveCfg = Release|Any CPU
		{8DE82EE8-5C93-45EC-8D4E-5B656050A76B}.Release|Any CPU.Build.0 = Release|Any CPU
		{8DE82EE8-5C93-45EC-8D4E-5B656050A76B}.Release|x86.ActiveCfg = Release|Any CPU
		{8DE82EE8-5C93-45EC-8D4E-5B656050A76B}.Release|x86.Build.0 = Release|Any CPU
		{76EC6B0B-5070-47FC-AAAD-FFE066233502}.Debug|Any CPU.ActiveCfg = Debug|Any CPU
		{76EC6B0B-5070-47FC-AAAD-FFE066233502}.Debug|Any CPU.Build.0 = Debug|Any CPU
		{76EC6B0B-5070-47FC-AAAD-FFE066233502}.Debug|x86.ActiveCfg = Debug|Any CPU
		{76EC6B0B-5070-47FC-AAAD-FFE066233502}.Debug|x86.Build.0 = Debug|Any CPU
		{76EC6B0B-5070-47FC-AAAD-FFE066233502}.Release|Any CPU.ActiveCfg = Release|Any CPU
		{76EC6B0B-5070-47FC-AAAD-FFE066233502}.Release|Any CPU.Build.0 = Release|Any CPU
		{76EC6B0B-5070-47FC-AAAD-FFE066233502}.Release|x86.ActiveCfg = Release|Any CPU
		{76EC6B0B-5070-47FC-AAAD-FFE066233502}.Release|x86.Build.0 = Release|Any CPU
	EndGlobalSection
	GlobalSection(SolutionProperties) = preSolution
		HideSolutionNode = FALSE
	EndGlobalSection
	GlobalSection(ExtensibilityGlobals) = postSolution
		SolutionGuid = {21E213CD-940D-47E9-8660-7155414153E7}
	EndGlobalSection
EndGlobal
